
Microsoft Visual Studio Solution File, Format Version 12.00
# Visual Studio 15
VisualStudioVersion = 15.0.27703.2047
MinimumVisualStudioVersion = 10.0.40219.1
Project("{2150E333-8FDC-42A3-9474-1A3956D46DE8}") = "Solution Items", "Solution Items", "{83B58F94-E7E5-4239-B359-DE194C205548}"
	ProjectSection(SolutionItems) = preProject
		.travis.yml = .travis.yml
	EndProjectSection
EndProject
Project("{9A19103F-16F7-4668-BE54-9A1E7A4F7556}") = "NameSorter.App", "NameSorter.App\NameSorter.App.csproj", "{3409323B-AE15-4783-8DC8-E3E9FBD38197}"
EndProject
Project("{9A19103F-16F7-4668-BE54-9A1E7A4F7556}") = "NameSorter.UnitTest", "NameSorter.UnitTest\NameSorter.UnitTest.csproj", "{4538A1CB-B9BA-4E54-8669-E6A62B197AEB}"
EndProject
Global
	GlobalSection(SolutionConfigurationPlatforms) = preSolution
		Debug|Any CPU = Debug|Any CPU
		Release|Any CPU = Release|Any CPU
	EndGlobalSection
	GlobalSection(ProjectConfigurationPlatforms) = postSolution
		{3409323B-AE15-4783-8DC8-E3E9FBD38197}.Debug|Any CPU.ActiveCfg = Debug|Any CPU
		{3409323B-AE15-4783-8DC8-E3E9FBD38197}.Debug|Any CPU.Build.0 = Debug|Any CPU
		{3409323B-AE15-4783-8DC8-E3E9FBD38197}.Release|Any CPU.ActiveCfg = Release|Any CPU
		{3409323B-AE15-4783-8DC8-E3E9FBD38197}.Release|Any CPU.Build.0 = Release|Any CPU
		{4538A1CB-B9BA-4E54-8669-E6A62B197AEB}.Debug|Any CPU.ActiveCfg = Debug|Any CPU
		{4538A1CB-B9BA-4E54-8669-E6A62B197AEB}.Debug|Any CPU.Build.0 = Debug|Any CPU
		{4538A1CB-B9BA-4E54-8669-E6A62B197AEB}.Release|Any CPU.ActiveCfg = Release|Any CPU
		{4538A1CB-B9BA-4E54-8669-E6A62B197AEB}.Release|Any CPU.Build.0 = Release|Any CPU
	EndGlobalSection
	GlobalSection(SolutionProperties) = preSolution
		HideSolutionNode = FALSE
	EndGlobalSection
	GlobalSection(ExtensibilityGlobals) = postSolution
		SolutionGuid = {F9414EA2-A207-4367-BA3B-49BE6867A88B}
	EndGlobalSection
EndGlobal
